
Microsoft Visual Studio Solution File, Format Version 12.00
# Visual Studio Version 16
VisualStudioVersion = 16.0.29306.81
MinimumVisualStudioVersion = 10.0.40219.1
Project("{FAE04EC0-301F-11D3-BF4B-00C04F79EFBC}") = "MyFirstApp", "MyFirstApp\MyFirstApp.csproj", "{4344490E-54C7-4D2C-8443-65A342C6552B}"
EndProject
Global
	GlobalSection(SolutionConfigurationPlatforms) = preSolution
		Debug|Any CPU = Debug|Any CPU
		Release|Any CPU = Release|Any CPU
	EndGlobalSection
	GlobalSection(ProjectConfigurationPlatforms) = postSolution
		{4344490E-54C7-4D2C-8443-65A342C6552B}.Debug|Any CPU.ActiveCfg = Debug|Any CPU
		{4344490E-54C7-4D2C-8443-65A342C6552B}.Debug|Any CPU.Build.0 = Debug|Any CPU
		{4344490E-54C7-4D2C-8443-65A342C6552B}.Release|Any CPU.ActiveCfg = Release|Any CPU
		{4344490E-54C7-4D2C-8443-65A342C6552B}.Release|Any CPU.Build.0 = Release|Any CPU
	EndGlobalSection
	GlobalSection(SolutionProperties) = preSolution
		HideSolutionNode = FALSE
	EndGlobalSection
	GlobalSection(ExtensibilityGlobals) = postSolution
		SolutionGuid = {458B3075-D27C-4BE2-ADC6-9049D6B40226}
	EndGlobalSection
EndGlobal
